// !$*UTF8*$!
{
	archiveVersion = 1;
	classes = {
	};
	objectVersion = 55;
	objects = {

/* Begin PBXBuildFile section */
		4D1E198927DE031F0030F01D /* URLSession+NetworkService.swift in Sources */ = {isa = PBXBuildFile; fileRef = 4D1E198527DE031F0030F01D /* URLSession+NetworkService.swift */; };
		4D1E198A27DE031F0030F01D /* NetworkService.swift in Sources */ = {isa = PBXBuildFile; fileRef = 4D1E198627DE031F0030F01D /* NetworkService.swift */; };
		4D1E198B27DE031F0030F01D /* Endpoint+GiphyAPI.swift in Sources */ = {isa = PBXBuildFile; fileRef = 4D1E198727DE031F0030F01D /* Endpoint+GiphyAPI.swift */; };
		4D1E198C27DE031F0030F01D /* Endpoint.swift in Sources */ = {isa = PBXBuildFile; fileRef = 4D1E198827DE031F0030F01D /* Endpoint.swift */; };
		4D1E199027DE248C0030F01D /* NukeFLAnimatedImagePlugin in Frameworks */ = {isa = PBXBuildFile; productRef = 4D1E198F27DE248C0030F01D /* NukeFLAnimatedImagePlugin */; };
		4D1E199227DE32650030F01D /* GiphyCollectionViewCell.swift in Sources */ = {isa = PBXBuildFile; fileRef = 4D1E199127DE32650030F01D /* GiphyCollectionViewCell.swift */; };
		4D1EBE5A27D66CD1009AA428 /* AppDelegate.swift in Sources */ = {isa = PBXBuildFile; fileRef = 4D1EBE5927D66CD1009AA428 /* AppDelegate.swift */; };
		4D1EBE5C27D66CD1009AA428 /* SceneDelegate.swift in Sources */ = {isa = PBXBuildFile; fileRef = 4D1EBE5B27D66CD1009AA428 /* SceneDelegate.swift */; };
		4D1EBE5E27D66CD1009AA428 /* GiphyViewController.swift in Sources */ = {isa = PBXBuildFile; fileRef = 4D1EBE5D27D66CD1009AA428 /* GiphyViewController.swift */; };
		4D1EBE6127D66CD1009AA428 /* Giphy.storyboard in Resources */ = {isa = PBXBuildFile; fileRef = 4D1EBE5F27D66CD1009AA428 /* Giphy.storyboard */; };
		4D1EBE6327D66CD3009AA428 /* Assets.xcassets in Resources */ = {isa = PBXBuildFile; fileRef = 4D1EBE6227D66CD3009AA428 /* Assets.xcassets */; };
		4D1EBE6627D66CD3009AA428 /* LaunchScreen.storyboard in Resources */ = {isa = PBXBuildFile; fileRef = 4D1EBE6427D66CD3009AA428 /* LaunchScreen.storyboard */; };
		4D1EBE7127D66CD3009AA428 /* GiphyAPITaskTests.swift in Sources */ = {isa = PBXBuildFile; fileRef = 4D1EBE7027D66CD3009AA428 /* GiphyAPITaskTests.swift */; };
		4DD6D87527DE4A9E006CD909 /* UIKit+ReuseIdentifier.swift in Sources */ = {isa = PBXBuildFile; fileRef = 4DD6D87227DE4A9E006CD909 /* UIKit+ReuseIdentifier.swift */; };
		4DD6D87627DE4A9E006CD909 /* UIViewController+Extension.swift in Sources */ = {isa = PBXBuildFile; fileRef = 4DD6D87327DE4A9E006CD909 /* UIViewController+Extension.swift */; };
		4DD6D87727DE4A9E006CD909 /* UIStoryboard+Extension.swift in Sources */ = {isa = PBXBuildFile; fileRef = 4DD6D87427DE4A9E006CD909 /* UIStoryboard+Extension.swift */; };
		4DD6D87B27DE4B93006CD909 /* BaseCoordinator.swift in Sources */ = {isa = PBXBuildFile; fileRef = 4DD6D87927DE4B93006CD909 /* BaseCoordinator.swift */; };
		4DD6D87C27DE4B93006CD909 /* Coordinator.swift in Sources */ = {isa = PBXBuildFile; fileRef = 4DD6D87A27DE4B93006CD909 /* Coordinator.swift */; };
		4DD6D87E27DE4BAF006CD909 /* AppCoordinator.swift in Sources */ = {isa = PBXBuildFile; fileRef = 4DD6D87D27DE4BAF006CD909 /* AppCoordinator.swift */; };
		4DD6D88027DE4BED006CD909 /* GiphyCoordinator.swift in Sources */ = {isa = PBXBuildFile; fileRef = 4DD6D87F27DE4BED006CD909 /* GiphyCoordinator.swift */; };
		4DD6D88227DE4C7E006CD909 /* GiphyViewControllerFactory.swift in Sources */ = {isa = PBXBuildFile; fileRef = 4DD6D88127DE4C7E006CD909 /* GiphyViewControllerFactory.swift */; };
		4DD6D88427DE4EBC006CD909 /* GiphyViewModel.swift in Sources */ = {isa = PBXBuildFile; fileRef = 4DD6D88327DE4EBC006CD909 /* GiphyViewModel.swift */; };
		4DD6D88627DEF05A006CD909 /* Giphy.swift in Sources */ = {isa = PBXBuildFile; fileRef = 4DD6D88527DEF05A006CD909 /* Giphy.swift */; };
		4DD6D88827DEF08E006CD909 /* Pagination.swift in Sources */ = {isa = PBXBuildFile; fileRef = 4DD6D88727DEF08E006CD909 /* Pagination.swift */; };
		4DD6D88A27DEF0C5006CD909 /* GiphyResponse.swift in Sources */ = {isa = PBXBuildFile; fileRef = 4DD6D88927DEF0C5006CD909 /* GiphyResponse.swift */; };
		4DD6D88D27DEF185006CD909 /* GiphyUseCase.swift in Sources */ = {isa = PBXBuildFile; fileRef = 4DD6D88C27DEF185006CD909 /* GiphyUseCase.swift */; };
		4DD6D88F27DEF47D006CD909 /* Page.swift in Sources */ = {isa = PBXBuildFile; fileRef = 4DD6D88E27DEF47D006CD909 /* Page.swift */; };
		4DD6D89127DEF7CA006CD909 /* AppDIContainer.swift in Sources */ = {isa = PBXBuildFile; fileRef = 4DD6D89027DEF7CA006CD909 /* AppDIContainer.swift */; };
		4DD6D89427DEF7FC006CD909 /* Swinject in Frameworks */ = {isa = PBXBuildFile; productRef = 4DD6D89327DEF7FC006CD909 /* Swinject */; };
		4DD6D89627DEF8D6006CD909 /* GiphyDetail.storyboard in Resources */ = {isa = PBXBuildFile; fileRef = 4DD6D89527DEF8D6006CD909 /* GiphyDetail.storyboard */; };
		4DD6D89827DEF913006CD909 /* GiphyDetailViewController.swift in Sources */ = {isa = PBXBuildFile; fileRef = 4DD6D89727DEF913006CD909 /* GiphyDetailViewController.swift */; };
		4DD6D89A27DEF93F006CD909 /* GiphyDetailViewModel.swift in Sources */ = {isa = PBXBuildFile; fileRef = 4DD6D89927DEF93F006CD909 /* GiphyDetailViewModel.swift */; };
		4DD6D89D27DF0C8B006CD909 /* UIImageView+Nuke.swift in Sources */ = {isa = PBXBuildFile; fileRef = 4DD6D89C27DF0C8B006CD909 /* UIImageView+Nuke.swift */; };
		4DD6D8A227DF164D006CD909 /* GiphyRowViewModel.swift in Sources */ = {isa = PBXBuildFile; fileRef = 4DD6D8A127DF164D006CD909 /* GiphyRowViewModel.swift */; };
		4DD6D8A427DF1DC9006CD909 /* Localizable.strings in Resources */ = {isa = PBXBuildFile; fileRef = 4DD6D8A327DF1DC9006CD909 /* Localizable.strings */; };
/* End PBXBuildFile section */

/* Begin PBXContainerItemProxy section */
		4D1EBE6D27D66CD3009AA428 /* PBXContainerItemProxy */ = {
			isa = PBXContainerItemProxy;
			containerPortal = 4D1EBE4E27D66CD1009AA428 /* Project object */;
			proxyType = 1;
			remoteGlobalIDString = 4D1EBE5527D66CD1009AA428;
			remoteInfo = GiphyAPITask;
		};
/* End PBXContainerItemProxy section */

/* Begin PBXFileReference section */
		4D1E198527DE031F0030F01D /* URLSession+NetworkService.swift */ = {isa = PBXFileReference; fileEncoding = 4; lastKnownFileType = sourcecode.swift; path = "URLSession+NetworkService.swift"; sourceTree = "<group>"; };
		4D1E198627DE031F0030F01D /* NetworkService.swift */ = {isa = PBXFileReference; fileEncoding = 4; lastKnownFileType = sourcecode.swift; path = NetworkService.swift; sourceTree = "<group>"; };
		4D1E198727DE031F0030F01D /* Endpoint+GiphyAPI.swift */ = {isa = PBXFileReference; fileEncoding = 4; lastKnownFileType = sourcecode.swift; path = "Endpoint+GiphyAPI.swift"; sourceTree = "<group>"; };
		4D1E198827DE031F0030F01D /* Endpoint.swift */ = {isa = PBXFileReference; fileEncoding = 4; lastKnownFileType = sourcecode.swift; path = Endpoint.swift; sourceTree = "<group>"; };
		4D1E199127DE32650030F01D /* GiphyCollectionViewCell.swift */ = {isa = PBXFileReference; lastKnownFileType = sourcecode.swift; path = GiphyCollectionViewCell.swift; sourceTree = "<group>"; };
		4D1EBE5627D66CD1009AA428 /* GiphyAPITask.app */ = {isa = PBXFileReference; explicitFileType = wrapper.application; includeInIndex = 0; path = GiphyAPITask.app; sourceTree = BUILT_PRODUCTS_DIR; };
		4D1EBE5927D66CD1009AA428 /* AppDelegate.swift */ = {isa = PBXFileReference; lastKnownFileType = sourcecode.swift; path = AppDelegate.swift; sourceTree = "<group>"; };
		4D1EBE5B27D66CD1009AA428 /* SceneDelegate.swift */ = {isa = PBXFileReference; lastKnownFileType = sourcecode.swift; path = SceneDelegate.swift; sourceTree = "<group>"; };
		4D1EBE5D27D66CD1009AA428 /* GiphyViewController.swift */ = {isa = PBXFileReference; lastKnownFileType = sourcecode.swift; path = GiphyViewController.swift; sourceTree = "<group>"; };
		4D1EBE6027D66CD1009AA428 /* Base */ = {isa = PBXFileReference; lastKnownFileType = file.storyboard; name = Base; path = Base.lproj/Giphy.storyboard; sourceTree = "<group>"; };
		4D1EBE6227D66CD3009AA428 /* Assets.xcassets */ = {isa = PBXFileReference; lastKnownFileType = folder.assetcatalog; path = Assets.xcassets; sourceTree = "<group>"; };
		4D1EBE6527D66CD3009AA428 /* Base */ = {isa = PBXFileReference; lastKnownFileType = file.storyboard; name = Base; path = Base.lproj/LaunchScreen.storyboard; sourceTree = "<group>"; };
		4D1EBE6727D66CD3009AA428 /* Info.plist */ = {isa = PBXFileReference; lastKnownFileType = text.plist.xml; path = Info.plist; sourceTree = "<group>"; };
		4D1EBE6C27D66CD3009AA428 /* GiphyAPITaskTests.xctest */ = {isa = PBXFileReference; explicitFileType = wrapper.cfbundle; includeInIndex = 0; path = GiphyAPITaskTests.xctest; sourceTree = BUILT_PRODUCTS_DIR; };
		4D1EBE7027D66CD3009AA428 /* GiphyAPITaskTests.swift */ = {isa = PBXFileReference; lastKnownFileType = sourcecode.swift; path = GiphyAPITaskTests.swift; sourceTree = "<group>"; };
		4DD6D87227DE4A9E006CD909 /* UIKit+ReuseIdentifier.swift */ = {isa = PBXFileReference; fileEncoding = 4; lastKnownFileType = sourcecode.swift; path = "UIKit+ReuseIdentifier.swift"; sourceTree = "<group>"; };
		4DD6D87327DE4A9E006CD909 /* UIViewController+Extension.swift */ = {isa = PBXFileReference; fileEncoding = 4; lastKnownFileType = sourcecode.swift; path = "UIViewController+Extension.swift"; sourceTree = "<group>"; };
		4DD6D87427DE4A9E006CD909 /* UIStoryboard+Extension.swift */ = {isa = PBXFileReference; fileEncoding = 4; lastKnownFileType = sourcecode.swift; path = "UIStoryboard+Extension.swift"; sourceTree = "<group>"; };
		4DD6D87927DE4B93006CD909 /* BaseCoordinator.swift */ = {isa = PBXFileReference; fileEncoding = 4; lastKnownFileType = sourcecode.swift; path = BaseCoordinator.swift; sourceTree = "<group>"; };
		4DD6D87A27DE4B93006CD909 /* Coordinator.swift */ = {isa = PBXFileReference; fileEncoding = 4; lastKnownFileType = sourcecode.swift; path = Coordinator.swift; sourceTree = "<group>"; };
		4DD6D87D27DE4BAF006CD909 /* AppCoordinator.swift */ = {isa = PBXFileReference; fileEncoding = 4; lastKnownFileType = sourcecode.swift; path = AppCoordinator.swift; sourceTree = "<group>"; };
		4DD6D87F27DE4BED006CD909 /* GiphyCoordinator.swift */ = {isa = PBXFileReference; lastKnownFileType = sourcecode.swift; path = GiphyCoordinator.swift; sourceTree = "<group>"; };
		4DD6D88127DE4C7E006CD909 /* GiphyViewControllerFactory.swift */ = {isa = PBXFileReference; lastKnownFileType = sourcecode.swift; path = GiphyViewControllerFactory.swift; sourceTree = "<group>"; };
		4DD6D88327DE4EBC006CD909 /* GiphyViewModel.swift */ = {isa = PBXFileReference; lastKnownFileType = sourcecode.swift; path = GiphyViewModel.swift; sourceTree = "<group>"; };
		4DD6D88527DEF05A006CD909 /* Giphy.swift */ = {isa = PBXFileReference; lastKnownFileType = sourcecode.swift; path = Giphy.swift; sourceTree = "<group>"; };
		4DD6D88727DEF08E006CD909 /* Pagination.swift */ = {isa = PBXFileReference; lastKnownFileType = sourcecode.swift; path = Pagination.swift; sourceTree = "<group>"; };
		4DD6D88927DEF0C5006CD909 /* GiphyResponse.swift */ = {isa = PBXFileReference; lastKnownFileType = sourcecode.swift; path = GiphyResponse.swift; sourceTree = "<group>"; };
		4DD6D88C27DEF185006CD909 /* GiphyUseCase.swift */ = {isa = PBXFileReference; lastKnownFileType = sourcecode.swift; path = GiphyUseCase.swift; sourceTree = "<group>"; };
		4DD6D88E27DEF47D006CD909 /* Page.swift */ = {isa = PBXFileReference; lastKnownFileType = sourcecode.swift; path = Page.swift; sourceTree = "<group>"; };
		4DD6D89027DEF7CA006CD909 /* AppDIContainer.swift */ = {isa = PBXFileReference; fileEncoding = 4; lastKnownFileType = sourcecode.swift; path = AppDIContainer.swift; sourceTree = "<group>"; };
		4DD6D89527DEF8D6006CD909 /* GiphyDetail.storyboard */ = {isa = PBXFileReference; lastKnownFileType = file.storyboard; path = GiphyDetail.storyboard; sourceTree = "<group>"; };
		4DD6D89727DEF913006CD909 /* GiphyDetailViewController.swift */ = {isa = PBXFileReference; lastKnownFileType = sourcecode.swift; path = GiphyDetailViewController.swift; sourceTree = "<group>"; };
		4DD6D89927DEF93F006CD909 /* GiphyDetailViewModel.swift */ = {isa = PBXFileReference; lastKnownFileType = sourcecode.swift; path = GiphyDetailViewModel.swift; sourceTree = "<group>"; };
		4DD6D89C27DF0C8B006CD909 /* UIImageView+Nuke.swift */ = {isa = PBXFileReference; lastKnownFileType = sourcecode.swift; path = "UIImageView+Nuke.swift"; sourceTree = "<group>"; };
		4DD6D8A127DF164D006CD909 /* GiphyRowViewModel.swift */ = {isa = PBXFileReference; lastKnownFileType = sourcecode.swift; path = GiphyRowViewModel.swift; sourceTree = "<group>"; };
		4DD6D8A327DF1DC9006CD909 /* Localizable.strings */ = {isa = PBXFileReference; lastKnownFileType = text.plist.strings; path = Localizable.strings; sourceTree = "<group>"; };
/* End PBXFileReference section */

/* Begin PBXFrameworksBuildPhase section */
		4D1EBE5327D66CD1009AA428 /* Frameworks */ = {
			isa = PBXFrameworksBuildPhase;
			buildActionMask = 2147483647;
			files = (
				4D1E199027DE248C0030F01D /* NukeFLAnimatedImagePlugin in Frameworks */,
				4DD6D89427DEF7FC006CD909 /* Swinject in Frameworks */,
			);
			runOnlyForDeploymentPostprocessing = 0;
		};
		4D1EBE6927D66CD3009AA428 /* Frameworks */ = {
			isa = PBXFrameworksBuildPhase;
			buildActionMask = 2147483647;
			files = (
			);
			runOnlyForDeploymentPostprocessing = 0;
		};
/* End PBXFrameworksBuildPhase section */

/* Begin PBXGroup section */
		4D1E198227DE02F00030F01D /* Resources */ = {
			isa = PBXGroup;
			children = (
				4D1EBE6727D66CD3009AA428 /* Info.plist */,
				4D1EBE6427D66CD3009AA428 /* LaunchScreen.storyboard */,
				4D1EBE6227D66CD3009AA428 /* Assets.xcassets */,
				4DD6D8A327DF1DC9006CD909 /* Localizable.strings */,
			);
			path = Resources;
			sourceTree = "<group>";
		};
		4D1E198327DE03060030F01D /* Common */ = {
			isa = PBXGroup;
			children = (
				4DD6D89B27DF0C50006CD909 /* Wrappers */,
				4DD6D88B27DEF157006CD909 /* UseCase */,
				4DD6D87827DE4B93006CD909 /* Coordinator */,
				4D1E198D27DE06950030F01D /* Entities */,
				4DD6D87127DE4A9E006CD909 /* Extensions */,
				4D1E198427DE031F0030F01D /* Networking */,
			);
			path = Common;
			sourceTree = "<group>";
		};
		4D1E198427DE031F0030F01D /* Networking */ = {
			isa = PBXGroup;
			children = (
				4D1E198827DE031F0030F01D /* Endpoint.swift */,
				4D1E198727DE031F0030F01D /* Endpoint+GiphyAPI.swift */,
				4D1E198627DE031F0030F01D /* NetworkService.swift */,
				4D1E198527DE031F0030F01D /* URLSession+NetworkService.swift */,
			);
			path = Networking;
			sourceTree = "<group>";
		};
		4D1E198D27DE06950030F01D /* Entities */ = {
			isa = PBXGroup;
			children = (
				4DD6D88527DEF05A006CD909 /* Giphy.swift */,
				4DD6D88727DEF08E006CD909 /* Pagination.swift */,
				4DD6D88927DEF0C5006CD909 /* GiphyResponse.swift */,
				4DD6D88E27DEF47D006CD909 /* Page.swift */,
			);
			path = Entities;
			sourceTree = "<group>";
		};
		4D1EBE4D27D66CD1009AA428 = {
			isa = PBXGroup;
			children = (
				4D1EBE5827D66CD1009AA428 /* GiphyAPITask */,
				4D1EBE6F27D66CD3009AA428 /* GiphyAPITaskTests */,
				4D1EBE5727D66CD1009AA428 /* Products */,
				4D756ADC27D7BE13000EC8A1 /* Frameworks */,
			);
			sourceTree = "<group>";
		};
		4D1EBE5727D66CD1009AA428 /* Products */ = {
			isa = PBXGroup;
			children = (
				4D1EBE5627D66CD1009AA428 /* GiphyAPITask.app */,
				4D1EBE6C27D66CD3009AA428 /* GiphyAPITaskTests.xctest */,
			);
			name = Products;
			sourceTree = "<group>";
		};
		4D1EBE5827D66CD1009AA428 /* GiphyAPITask */ = {
			isa = PBXGroup;
			children = (
				4DD6D86D27DE483A006CD909 /* AppSetup */,
				4D1E198327DE03060030F01D /* Common */,
				4D1E198227DE02F00030F01D /* Resources */,
				4DD6D86E27DE4854006CD909 /* Features */,
			);
			path = GiphyAPITask;
			sourceTree = "<group>";
		};
		4D1EBE6F27D66CD3009AA428 /* GiphyAPITaskTests */ = {
			isa = PBXGroup;
			children = (
				4D1EBE7027D66CD3009AA428 /* GiphyAPITaskTests.swift */,
			);
			path = GiphyAPITaskTests;
			sourceTree = "<group>";
		};
		4D756ADC27D7BE13000EC8A1 /* Frameworks */ = {
			isa = PBXGroup;
			children = (
			);
			name = Frameworks;
			sourceTree = "<group>";
		};
		4DD6D86D27DE483A006CD909 /* AppSetup */ = {
			isa = PBXGroup;
			children = (
				4D1EBE5B27D66CD1009AA428 /* SceneDelegate.swift */,
				4D1EBE5927D66CD1009AA428 /* AppDelegate.swift */,
				4DD6D87D27DE4BAF006CD909 /* AppCoordinator.swift */,
				4DD6D89027DEF7CA006CD909 /* AppDIContainer.swift */,
			);
			path = AppSetup;
			sourceTree = "<group>";
		};
		4DD6D86E27DE4854006CD909 /* Features */ = {
			isa = PBXGroup;
			children = (
				4DD6D86F27DE48F2006CD909 /* Giphy */,
				4DD6D87027DE4902006CD909 /* GiphyDetail */,
			);
			path = Features;
			sourceTree = "<group>";
		};
		4DD6D86F27DE48F2006CD909 /* Giphy */ = {
			isa = PBXGroup;
			children = (
				4DD6D8A027DF1620006CD909 /* Cell */,
				4D1EBE5F27D66CD1009AA428 /* Giphy.storyboard */,
				4DD6D87F27DE4BED006CD909 /* GiphyCoordinator.swift */,
				4D1EBE5D27D66CD1009AA428 /* GiphyViewController.swift */,
				4DD6D88127DE4C7E006CD909 /* GiphyViewControllerFactory.swift */,
				4DD6D88327DE4EBC006CD909 /* GiphyViewModel.swift */,
			);
			path = Giphy;
			sourceTree = "<group>";
		};
		4DD6D87027DE4902006CD909 /* GiphyDetail */ = {
			isa = PBXGroup;
			children = (
				4DD6D89527DEF8D6006CD909 /* GiphyDetail.storyboard */,
				4DD6D89727DEF913006CD909 /* GiphyDetailViewController.swift */,
				4DD6D89927DEF93F006CD909 /* GiphyDetailViewModel.swift */,
			);
			path = GiphyDetail;
			sourceTree = "<group>";
		};
		4DD6D87127DE4A9E006CD909 /* Extensions */ = {
			isa = PBXGroup;
			children = (
				4DD6D87227DE4A9E006CD909 /* UIKit+ReuseIdentifier.swift */,
				4DD6D87327DE4A9E006CD909 /* UIViewController+Extension.swift */,
				4DD6D87427DE4A9E006CD909 /* UIStoryboard+Extension.swift */,
			);
			path = Extensions;
			sourceTree = "<group>";
		};
		4DD6D87827DE4B93006CD909 /* Coordinator */ = {
			isa = PBXGroup;
			children = (
				4DD6D87927DE4B93006CD909 /* BaseCoordinator.swift */,
				4DD6D87A27DE4B93006CD909 /* Coordinator.swift */,
			);
			path = Coordinator;
			sourceTree = "<group>";
		};
		4DD6D88B27DEF157006CD909 /* UseCase */ = {
			isa = PBXGroup;
			children = (
				4DD6D88C27DEF185006CD909 /* GiphyUseCase.swift */,
			);
			path = UseCase;
			sourceTree = "<group>";
		};
		4DD6D89B27DF0C50006CD909 /* Wrappers */ = {
			isa = PBXGroup;
			children = (
				4DD6D89C27DF0C8B006CD909 /* UIImageView+Nuke.swift */,
			);
			path = Wrappers;
			sourceTree = "<group>";
		};
		4DD6D8A027DF1620006CD909 /* Cell */ = {
			isa = PBXGroup;
			children = (
				4D1E199127DE32650030F01D /* GiphyCollectionViewCell.swift */,
				4DD6D8A127DF164D006CD909 /* GiphyRowViewModel.swift */,
			);
			path = Cell;
			sourceTree = "<group>";
		};
/* End PBXGroup section */

/* Begin PBXNativeTarget section */
		4D1EBE5527D66CD1009AA428 /* GiphyAPITask */ = {
			isa = PBXNativeTarget;
			buildConfigurationList = 4D1EBE8027D66CD3009AA428 /* Build configuration list for PBXNativeTarget "GiphyAPITask" */;
			buildPhases = (
				4D1EBE5227D66CD1009AA428 /* Sources */,
				4D1EBE5327D66CD1009AA428 /* Frameworks */,
				4D1EBE5427D66CD1009AA428 /* Resources */,
			);
			buildRules = (
			);
			dependencies = (
			);
			name = GiphyAPITask;
			packageProductDependencies = (
				4D1E198F27DE248C0030F01D /* NukeFLAnimatedImagePlugin */,
				4DD6D89327DEF7FC006CD909 /* Swinject */,
			);
			productName = GiphyAPITask;
			productReference = 4D1EBE5627D66CD1009AA428 /* GiphyAPITask.app */;
			productType = "com.apple.product-type.application";
		};
		4D1EBE6B27D66CD3009AA428 /* GiphyAPITaskTests */ = {
			isa = PBXNativeTarget;
			buildConfigurationList = 4D1EBE8327D66CD3009AA428 /* Build configuration list for PBXNativeTarget "GiphyAPITaskTests" */;
			buildPhases = (
				4D1EBE6827D66CD3009AA428 /* Sources */,
				4D1EBE6927D66CD3009AA428 /* Frameworks */,
				4D1EBE6A27D66CD3009AA428 /* Resources */,
			);
			buildRules = (
			);
			dependencies = (
				4D1EBE6E27D66CD3009AA428 /* PBXTargetDependency */,
			);
			name = GiphyAPITaskTests;
			productName = GiphyAPITaskTests;
			productReference = 4D1EBE6C27D66CD3009AA428 /* GiphyAPITaskTests.xctest */;
			productType = "com.apple.product-type.bundle.unit-test";
		};
/* End PBXNativeTarget section */

/* Begin PBXProject section */
		4D1EBE4E27D66CD1009AA428 /* Project object */ = {
			isa = PBXProject;
			attributes = {
				BuildIndependentTargetsInParallel = 1;
				LastSwiftUpdateCheck = 1320;
				LastUpgradeCheck = 1320;
				TargetAttributes = {
					4D1EBE5527D66CD1009AA428 = {
						CreatedOnToolsVersion = 13.2.1;
					};
					4D1EBE6B27D66CD3009AA428 = {
						CreatedOnToolsVersion = 13.2.1;
						TestTargetID = 4D1EBE5527D66CD1009AA428;
					};
				};
			};
			buildConfigurationList = 4D1EBE5127D66CD1009AA428 /* Build configuration list for PBXProject "GiphyAPITask" */;
			compatibilityVersion = "Xcode 13.0";
			developmentRegion = en;
			hasScannedForEncodings = 0;
			knownRegions = (
				en,
				Base,
			);
			mainGroup = 4D1EBE4D27D66CD1009AA428;
			packageReferences = (
				4D1E198E27DE248C0030F01D /* XCRemoteSwiftPackageReference "Nuke-FLAnimatedImage-Plugin" */,
				4DD6D89227DEF7FC006CD909 /* XCRemoteSwiftPackageReference "Swinject" */,
			);
			productRefGroup = 4D1EBE5727D66CD1009AA428 /* Products */;
			projectDirPath = "";
			projectRoot = "";
			targets = (
				4D1EBE5527D66CD1009AA428 /* GiphyAPITask */,
				4D1EBE6B27D66CD3009AA428 /* GiphyAPITaskTests */,
			);
		};
/* End PBXProject section */

/* Begin PBXResourcesBuildPhase section */
		4D1EBE5427D66CD1009AA428 /* Resources */ = {
			isa = PBXResourcesBuildPhase;
			buildActionMask = 2147483647;
			files = (
				4DD6D8A427DF1DC9006CD909 /* Localizable.strings in Resources */,
				4D1EBE6627D66CD3009AA428 /* LaunchScreen.storyboard in Resources */,
				4DD6D89627DEF8D6006CD909 /* GiphyDetail.storyboard in Resources */,
				4D1EBE6327D66CD3009AA428 /* Assets.xcassets in Resources */,
				4D1EBE6127D66CD1009AA428 /* Giphy.storyboard in Resources */,
			);
			runOnlyForDeploymentPostprocessing = 0;
		};
		4D1EBE6A27D66CD3009AA428 /* Resources */ = {
			isa = PBXResourcesBuildPhase;
			buildActionMask = 2147483647;
			files = (
			);
			runOnlyForDeploymentPostprocessing = 0;
		};
/* End PBXResourcesBuildPhase section */

/* Begin PBXSourcesBuildPhase section */
		4D1EBE5227D66CD1009AA428 /* Sources */ = {
			isa = PBXSourcesBuildPhase;
			buildActionMask = 2147483647;
			files = (
				4DD6D88427DE4EBC006CD909 /* GiphyViewModel.swift in Sources */,
				4D1E199227DE32650030F01D /* GiphyCollectionViewCell.swift in Sources */,
				4DD6D88A27DEF0C5006CD909 /* GiphyResponse.swift in Sources */,
				4DD6D87727DE4A9E006CD909 /* UIStoryboard+Extension.swift in Sources */,
				4DD6D87C27DE4B93006CD909 /* Coordinator.swift in Sources */,
				4D1E198C27DE031F0030F01D /* Endpoint.swift in Sources */,
				4DD6D88F27DEF47D006CD909 /* Page.swift in Sources */,
				4D1E198A27DE031F0030F01D /* NetworkService.swift in Sources */,
				4D1EBE5E27D66CD1009AA428 /* GiphyViewController.swift in Sources */,
				4DD6D89D27DF0C8B006CD909 /* UIImageView+Nuke.swift in Sources */,
				4DD6D88227DE4C7E006CD909 /* GiphyViewControllerFactory.swift in Sources */,
				4DD6D87E27DE4BAF006CD909 /* AppCoordinator.swift in Sources */,
				4DD6D88627DEF05A006CD909 /* Giphy.swift in Sources */,
				4D1E198B27DE031F0030F01D /* Endpoint+GiphyAPI.swift in Sources */,
				4DD6D89827DEF913006CD909 /* GiphyDetailViewController.swift in Sources */,
				4DD6D88827DEF08E006CD909 /* Pagination.swift in Sources */,
				4DD6D8A227DF164D006CD909 /* GiphyRowViewModel.swift in Sources */,
				4D1EBE5A27D66CD1009AA428 /* AppDelegate.swift in Sources */,
				4DD6D88D27DEF185006CD909 /* GiphyUseCase.swift in Sources */,
				4DD6D89127DEF7CA006CD909 /* AppDIContainer.swift in Sources */,
				4DD6D87B27DE4B93006CD909 /* BaseCoordinator.swift in Sources */,
				4DD6D88027DE4BED006CD909 /* GiphyCoordinator.swift in Sources */,
				4DD6D87527DE4A9E006CD909 /* UIKit+ReuseIdentifier.swift in Sources */,
				4DD6D89A27DEF93F006CD909 /* GiphyDetailViewModel.swift in Sources */,
				4D1EBE5C27D66CD1009AA428 /* SceneDelegate.swift in Sources */,
				4DD6D87627DE4A9E006CD909 /* UIViewController+Extension.swift in Sources */,
				4D1E198927DE031F0030F01D /* URLSession+NetworkService.swift in Sources */,
			);
			runOnlyForDeploymentPostprocessing = 0;
		};
		4D1EBE6827D66CD3009AA428 /* Sources */ = {
			isa = PBXSourcesBuildPhase;
			buildActionMask = 2147483647;
			files = (
				4D1EBE7127D66CD3009AA428 /* GiphyAPITaskTests.swift in Sources */,
			);
			runOnlyForDeploymentPostprocessing = 0;
		};
/* End PBXSourcesBuildPhase section */

/* Begin PBXTargetDependency section */
		4D1EBE6E27D66CD3009AA428 /* PBXTargetDependency */ = {
			isa = PBXTargetDependency;
			target = 4D1EBE5527D66CD1009AA428 /* GiphyAPITask */;
			targetProxy = 4D1EBE6D27D66CD3009AA428 /* PBXContainerItemProxy */;
		};
/* End PBXTargetDependency section */

/* Begin PBXVariantGroup section */
		4D1EBE5F27D66CD1009AA428 /* Giphy.storyboard */ = {
			isa = PBXVariantGroup;
			children = (
				4D1EBE6027D66CD1009AA428 /* Base */,
			);
			name = Giphy.storyboard;
			sourceTree = "<group>";
		};
		4D1EBE6427D66CD3009AA428 /* LaunchScreen.storyboard */ = {
			isa = PBXVariantGroup;
			children = (
				4D1EBE6527D66CD3009AA428 /* Base */,
			);
			name = LaunchScreen.storyboard;
			sourceTree = "<group>";
		};
/* End PBXVariantGroup section */

/* Begin XCBuildConfiguration section */
		4D1EBE7E27D66CD3009AA428 /* Debug */ = {
			isa = XCBuildConfiguration;
			buildSettings = {
				ALWAYS_SEARCH_USER_PATHS = NO;
				CLANG_ANALYZER_NONNULL = YES;
				CLANG_ANALYZER_NUMBER_OBJECT_CONVERSION = YES_AGGRESSIVE;
				CLANG_CXX_LANGUAGE_STANDARD = "gnu++17";
				CLANG_CXX_LIBRARY = "libc++";
				CLANG_ENABLE_MODULES = YES;
				CLANG_ENABLE_OBJC_ARC = YES;
				CLANG_ENABLE_OBJC_WEAK = YES;
				CLANG_WARN_BLOCK_CAPTURE_AUTORELEASING = YES;
				CLANG_WARN_BOOL_CONVERSION = YES;
				CLANG_WARN_COMMA = YES;
				CLANG_WARN_CONSTANT_CONVERSION = YES;
				CLANG_WARN_DEPRECATED_OBJC_IMPLEMENTATIONS = YES;
				CLANG_WARN_DIRECT_OBJC_ISA_USAGE = YES_ERROR;
				CLANG_WARN_DOCUMENTATION_COMMENTS = YES;
				CLANG_WARN_EMPTY_BODY = YES;
				CLANG_WARN_ENUM_CONVERSION = YES;
				CLANG_WARN_INFINITE_RECURSION = YES;
				CLANG_WARN_INT_CONVERSION = YES;
				CLANG_WARN_NON_LITERAL_NULL_CONVERSION = YES;
				CLANG_WARN_OBJC_IMPLICIT_RETAIN_SELF = YES;
				CLANG_WARN_OBJC_LITERAL_CONVERSION = YES;
				CLANG_WARN_OBJC_ROOT_CLASS = YES_ERROR;
				CLANG_WARN_QUOTED_INCLUDE_IN_FRAMEWORK_HEADER = YES;
				CLANG_WARN_RANGE_LOOP_ANALYSIS = YES;
				CLANG_WARN_STRICT_PROTOTYPES = YES;
				CLANG_WARN_SUSPICIOUS_MOVE = YES;
				CLANG_WARN_UNGUARDED_AVAILABILITY = YES_AGGRESSIVE;
				CLANG_WARN_UNREACHABLE_CODE = YES;
				CLANG_WARN__DUPLICATE_METHOD_MATCH = YES;
				COPY_PHASE_STRIP = NO;
				DEBUG_INFORMATION_FORMAT = dwarf;
				ENABLE_STRICT_OBJC_MSGSEND = YES;
				ENABLE_TESTABILITY = YES;
				GCC_C_LANGUAGE_STANDARD = gnu11;
				GCC_DYNAMIC_NO_PIC = NO;
				GCC_NO_COMMON_BLOCKS = YES;
				GCC_OPTIMIZATION_LEVEL = 0;
				GCC_PREPROCESSOR_DEFINITIONS = (
					"DEBUG=1",
					"$(inherited)",
				);
				GCC_WARN_64_TO_32_BIT_CONVERSION = YES;
				GCC_WARN_ABOUT_RETURN_TYPE = YES_ERROR;
				GCC_WARN_UNDECLARED_SELECTOR = YES;
				GCC_WARN_UNINITIALIZED_AUTOS = YES_AGGRESSIVE;
				GCC_WARN_UNUSED_FUNCTION = YES;
				GCC_WARN_UNUSED_VARIABLE = YES;
				IPHONEOS_DEPLOYMENT_TARGET = 15.2;
				MTL_ENABLE_DEBUG_INFO = INCLUDE_SOURCE;
				MTL_FAST_MATH = YES;
				ONLY_ACTIVE_ARCH = YES;
				SDKROOT = iphoneos;
				SWIFT_ACTIVE_COMPILATION_CONDITIONS = DEBUG;
				SWIFT_OPTIMIZATION_LEVEL = "-Onone";
			};
			name = Debug;
		};
		4D1EBE7F27D66CD3009AA428 /* Release */ = {
			isa = XCBuildConfiguration;
			buildSettings = {
				ALWAYS_SEARCH_USER_PATHS = NO;
				CLANG_ANALYZER_NONNULL = YES;
				CLANG_ANALYZER_NUMBER_OBJECT_CONVERSION = YES_AGGRESSIVE;
				CLANG_CXX_LANGUAGE_STANDARD = "gnu++17";
				CLANG_CXX_LIBRARY = "libc++";
				CLANG_ENABLE_MODULES = YES;
				CLANG_ENABLE_OBJC_ARC = YES;
				CLANG_ENABLE_OBJC_WEAK = YES;
				CLANG_WARN_BLOCK_CAPTURE_AUTORELEASING = YES;
				CLANG_WARN_BOOL_CONVERSION = YES;
				CLANG_WARN_COMMA = YES;
				CLANG_WARN_CONSTANT_CONVERSION = YES;
				CLANG_WARN_DEPRECATED_OBJC_IMPLEMENTATIONS = YES;
				CLANG_WARN_DIRECT_OBJC_ISA_USAGE = YES_ERROR;
				CLANG_WARN_DOCUMENTATION_COMMENTS = YES;
				CLANG_WARN_EMPTY_BODY = YES;
				CLANG_WARN_ENUM_CONVERSION = YES;
				CLANG_WARN_INFINITE_RECURSION = YES;
				CLANG_WARN_INT_CONVERSION = YES;
				CLANG_WARN_NON_LITERAL_NULL_CONVERSION = YES;
				CLANG_WARN_OBJC_IMPLICIT_RETAIN_SELF = YES;
				CLANG_WARN_OBJC_LITERAL_CONVERSION = YES;
				CLANG_WARN_OBJC_ROOT_CLASS = YES_ERROR;
				CLANG_WARN_QUOTED_INCLUDE_IN_FRAMEWORK_HEADER = YES;
				CLANG_WARN_RANGE_LOOP_ANALYSIS = YES;
				CLANG_WARN_STRICT_PROTOTYPES = YES;
				CLANG_WARN_SUSPICIOUS_MOVE = YES;
				CLANG_WARN_UNGUARDED_AVAILABILITY = YES_AGGRESSIVE;
				CLANG_WARN_UNREACHABLE_CODE = YES;
				CLANG_WARN__DUPLICATE_METHOD_MATCH = YES;
				COPY_PHASE_STRIP = NO;
				DEBUG_INFORMATION_FORMAT = "dwarf-with-dsym";
				ENABLE_NS_ASSERTIONS = NO;
				ENABLE_STRICT_OBJC_MSGSEND = YES;
				GCC_C_LANGUAGE_STANDARD = gnu11;
				GCC_NO_COMMON_BLOCKS = YES;
				GCC_WARN_64_TO_32_BIT_CONVERSION = YES;
				GCC_WARN_ABOUT_RETURN_TYPE = YES_ERROR;
				GCC_WARN_UNDECLARED_SELECTOR = YES;
				GCC_WARN_UNINITIALIZED_AUTOS = YES_AGGRESSIVE;
				GCC_WARN_UNUSED_FUNCTION = YES;
				GCC_WARN_UNUSED_VARIABLE = YES;
				IPHONEOS_DEPLOYMENT_TARGET = 15.2;
				MTL_ENABLE_DEBUG_INFO = NO;
				MTL_FAST_MATH = YES;
				SDKROOT = iphoneos;
				SWIFT_COMPILATION_MODE = wholemodule;
				SWIFT_OPTIMIZATION_LEVEL = "-O";
				VALIDATE_PRODUCT = YES;
			};
			name = Release;
		};
		4D1EBE8127D66CD3009AA428 /* Debug */ = {
			isa = XCBuildConfiguration;
			buildSettings = {
				ASSETCATALOG_COMPILER_APPICON_NAME = AppIcon;
				ASSETCATALOG_COMPILER_GLOBAL_ACCENT_COLOR_NAME = AccentColor;
				CODE_SIGN_STYLE = Automatic;
				CURRENT_PROJECT_VERSION = 1;
				GENERATE_INFOPLIST_FILE = YES;
				INFOPLIST_FILE = GiphyAPITask/Resources/Info.plist;
				INFOPLIST_KEY_UIApplicationSupportsIndirectInputEvents = YES;
				INFOPLIST_KEY_UILaunchStoryboardName = LaunchScreen;
				INFOPLIST_KEY_UISupportedInterfaceOrientations_iPad = "UIInterfaceOrientationPortrait UIInterfaceOrientationPortraitUpsideDown UIInterfaceOrientationLandscapeLeft UIInterfaceOrientationLandscapeRight";
				INFOPLIST_KEY_UISupportedInterfaceOrientations_iPhone = "UIInterfaceOrientationPortrait UIInterfaceOrientationLandscapeLeft UIInterfaceOrientationLandscapeRight";
				LD_RUNPATH_SEARCH_PATHS = (
					"$(inherited)",
					"@executable_path/Frameworks",
				);
				MARKETING_VERSION = 1.0;
				PRODUCT_BUNDLE_IDENTIFIER = com.hr.GiphyAPITask;
				PRODUCT_NAME = "$(TARGET_NAME)";
				SWIFT_EMIT_LOC_STRINGS = YES;
				SWIFT_VERSION = 5.0;
				TARGETED_DEVICE_FAMILY = "1,2";
			};
			name = Debug;
		};
		4D1EBE8227D66CD3009AA428 /* Release */ = {
			isa = XCBuildConfiguration;
			buildSettings = {
				ASSETCATALOG_COMPILER_APPICON_NAME = AppIcon;
				ASSETCATALOG_COMPILER_GLOBAL_ACCENT_COLOR_NAME = AccentColor;
				CODE_SIGN_STYLE = Automatic;
				CURRENT_PROJECT_VERSION = 1;
				GENERATE_INFOPLIST_FILE = YES;
				INFOPLIST_FILE = GiphyAPITask/Resources/Info.plist;
				INFOPLIST_KEY_UIApplicationSupportsIndirectInputEvents = YES;
				INFOPLIST_KEY_UILaunchStoryboardName = LaunchScreen;
				INFOPLIST_KEY_UISupportedInterfaceOrientations_iPad = "UIInterfaceOrientationPortrait UIInterfaceOrientationPortraitUpsideDown UIInterfaceOrientationLandscapeLeft UIInterfaceOrientationLandscapeRight";
				INFOPLIST_KEY_UISupportedInterfaceOrientations_iPhone = "UIInterfaceOrientationPortrait UIInterfaceOrientationLandscapeLeft UIInterfaceOrientationLandscapeRight";
				LD_RUNPATH_SEARCH_PATHS = (
					"$(inherited)",
					"@executable_path/Frameworks",
				);
				MARKETING_VERSION = 1.0;
				PRODUCT_BUNDLE_IDENTIFIER = com.hr.GiphyAPITask;
				PRODUCT_NAME = "$(TARGET_NAME)";
				SWIFT_EMIT_LOC_STRINGS = YES;
				SWIFT_VERSION = 5.0;
				TARGETED_DEVICE_FAMILY = "1,2";
			};
			name = Release;
		};
		4D1EBE8427D66CD3009AA428 /* Debug */ = {
			isa = XCBuildConfiguration;
			buildSettings = {
				ALWAYS_EMBED_SWIFT_STANDARD_LIBRARIES = YES;
				BUNDLE_LOADER = "$(TEST_HOST)";
				CODE_SIGN_STYLE = Automatic;
				CURRENT_PROJECT_VERSION = 1;
				GENERATE_INFOPLIST_FILE = YES;
				IPHONEOS_DEPLOYMENT_TARGET = 15.2;
				MARKETING_VERSION = 1.0;
				PRODUCT_BUNDLE_IDENTIFIER = com.hr.GiphyAPITaskTests;
				PRODUCT_NAME = "$(TARGET_NAME)";
				SWIFT_EMIT_LOC_STRINGS = NO;
				SWIFT_VERSION = 5.0;
				TARGETED_DEVICE_FAMILY = "1,2";
				TEST_HOST = "$(BUILT_PRODUCTS_DIR)/GiphyAPITask.app/GiphyAPITask";
			};
			name = Debug;
		};
		4D1EBE8527D66CD3009AA428 /* Release */ = {
			isa = XCBuildConfiguration;
			buildSettings = {
				ALWAYS_EMBED_SWIFT_STANDARD_LIBRARIES = YES;
				BUNDLE_LOADER = "$(TEST_HOST)";
				CODE_SIGN_STYLE = Automatic;
				CURRENT_PROJECT_VERSION = 1;
				GENERATE_INFOPLIST_FILE = YES;
				IPHONEOS_DEPLOYMENT_TARGET = 15.2;
				MARKETING_VERSION = 1.0;
				PRODUCT_BUNDLE_IDENTIFIER = com.hr.GiphyAPITaskTests;
				PRODUCT_NAME = "$(TARGET_NAME)";
				SWIFT_EMIT_LOC_STRINGS = NO;
				SWIFT_VERSION = 5.0;
				TARGETED_DEVICE_FAMILY = "1,2";
				TEST_HOST = "$(BUILT_PRODUCTS_DIR)/GiphyAPITask.app/GiphyAPITask";
			};
			name = Release;
		};
/* End XCBuildConfiguration section */

/* Begin XCConfigurationList section */
		4D1EBE5127D66CD1009AA428 /* Build configuration list for PBXProject "GiphyAPITask" */ = {
			isa = XCConfigurationList;
			buildConfigurations = (
				4D1EBE7E27D66CD3009AA428 /* Debug */,
				4D1EBE7F27D66CD3009AA428 /* Release */,
			);
			defaultConfigurationIsVisible = 0;
			defaultConfigurationName = Release;
		};
		4D1EBE8027D66CD3009AA428 /* Build configuration list for PBXNativeTarget "GiphyAPITask" */ = {
			isa = XCConfigurationList;
			buildConfigurations = (
				4D1EBE8127D66CD3009AA428 /* Debug */,
				4D1EBE8227D66CD3009AA428 /* Release */,
			);
			defaultConfigurationIsVisible = 0;
			defaultConfigurationName = Release;
		};
		4D1EBE8327D66CD3009AA428 /* Build configuration list for PBXNativeTarget "GiphyAPITaskTests" */ = {
			isa = XCConfigurationList;
			buildConfigurations = (
				4D1EBE8427D66CD3009AA428 /* Debug */,
				4D1EBE8527D66CD3009AA428 /* Release */,
			);
			defaultConfigurationIsVisible = 0;
			defaultConfigurationName = Release;
		};
/* End XCConfigurationList section */

/* Begin XCRemoteSwiftPackageReference section */
		4D1E198E27DE248C0030F01D /* XCRemoteSwiftPackageReference "Nuke-FLAnimatedImage-Plugin" */ = {
			isa = XCRemoteSwiftPackageReference;
			repositoryURL = "https://github.com/kean/Nuke-FLAnimatedImage-Plugin";
			requirement = {
				kind = upToNextMajorVersion;
				minimumVersion = 8.0.0;
			};
		};
		4DD6D89227DEF7FC006CD909 /* XCRemoteSwiftPackageReference "Swinject" */ = {
			isa = XCRemoteSwiftPackageReference;
			repositoryURL = "https://github.com/Swinject/Swinject";
			requirement = {
				branch = master;
				kind = branch;
			};
		};
/* End XCRemoteSwiftPackageReference section */

/* Begin XCSwiftPackageProductDependency section */
		4D1E198F27DE248C0030F01D /* NukeFLAnimatedImagePlugin */ = {
			isa = XCSwiftPackageProductDependency;
			package = 4D1E198E27DE248C0030F01D /* XCRemoteSwiftPackageReference "Nuke-FLAnimatedImage-Plugin" */;
			productName = NukeFLAnimatedImagePlugin;
		};
		4DD6D89327DEF7FC006CD909 /* Swinject */ = {
			isa = XCSwiftPackageProductDependency;
			package = 4DD6D89227DEF7FC006CD909 /* XCRemoteSwiftPackageReference "Swinject" */;
			productName = Swinject;
		};
/* End XCSwiftPackageProductDependency section */
	};
	rootObject = 4D1EBE4E27D66CD1009AA428 /* Project object */;
}
